
Microsoft Visual Studio Solution File, Format Version 12.00
# Visual Studio Version 17
VisualStudioVersion = 17.14.36127.28
MinimumVisualStudioVersion = 10.0.40219.1
Project("{FAE04EC0-301F-11D3-BF4B-00C04F79EFBC}") = "TaskManagement.Domain", "src\TaskManagement.Domain\TaskManagement.Domain.csproj", "{A81CB3E9-1557-49D2-87D4-A68F2BD84DB8}"
EndProject
Project("{2150E333-8FDC-42A3-9474-1A3956D46DE8}") = "src", "src", "{36D591C7-65C7-A0D1-1CBC-10CDE441BDC8}"
EndProject
Project("{FAE04EC0-301F-11D3-BF4B-00C04F79EFBC}") = "TaskManagement.Web", "src\TaskManagement.Web\TaskManagement.Web.csproj", "{7DA0512B-E3E7-4B3A-A9FB-8F9A7AFB2C1C}"
EndProject
Project("{FAE04EC0-301F-11D3-BF4B-00C04F79EFBC}") = "Presenters", "src\Presenters\Presenters.csproj", "{7A027101-0DCA-4952-A198-44CEC1D44990}"
EndProject
Project("{FAE04EC0-301F-11D3-BF4B-00C04F79EFBC}") = "TaskManagement.Contracts", "src\TaskManagement.Contracts\TaskManagement.Contracts.csproj", "{F221E4F8-D5DB-47B2-9714-76A4B0975BC7}"
EndProject
Project("{FAE04EC0-301F-11D3-BF4B-00C04F79EFBC}") = "Application", "src\Application\Application.csproj", "{72B8ACF8-9633-4B48-89DB-5A40CF387E22}"
EndProject
Project("{FAE04EC0-301F-11D3-BF4B-00C04F79EFBC}") = "TaskManagement.Infrastructure.PostgreSQL", "src\TaskManagement.Infrastructure.PostgreSQL\TaskManagement.Infrastructure.PostgreSQL.csproj", "{D6D16EC8-8B92-4D71-A320-99CD65A69BEF}"
EndProject
Project("{FAE04EC0-301F-11D3-BF4B-00C04F79EFBC}") = "TaskManagement.Infrastructure.Hasher", "src\TaskManagement.Infrastructure.BCrypt\TaskManagement.Infrastructure.Hasher.csproj", "{5CAFA1E2-043C-4AC5-BC9E-994BBB5F6B75}"
EndProject
Project("{FAE04EC0-301F-11D3-BF4B-00C04F79EFBC}") = "TaskManagement.Infrastructure.JWT", "src\TaskManagement.Infrastructure.JWT\TaskManagement.Infrastructure.JWT.csproj", "{C5AD91A6-118C-490A-AD15-B1314594991F}"
EndProject
Global
	GlobalSection(SolutionConfigurationPlatforms) = preSolution
		Debug|Any CPU = Debug|Any CPU
		Release|Any CPU = Release|Any CPU
	EndGlobalSection
	GlobalSection(ProjectConfigurationPlatforms) = postSolution
		{A81CB3E9-1557-49D2-87D4-A68F2BD84DB8}.Debug|Any CPU.ActiveCfg = Debug|Any CPU
		{A81CB3E9-1557-49D2-87D4-A68F2BD84DB8}.Debug|Any CPU.Build.0 = Debug|Any CPU
		{A81CB3E9-1557-49D2-87D4-A68F2BD84DB8}.Release|Any CPU.ActiveCfg = Release|Any CPU
		{A81CB3E9-1557-49D2-87D4-A68F2BD84DB8}.Release|Any CPU.Build.0 = Release|Any CPU
		{7DA0512B-E3E7-4B3A-A9FB-8F9A7AFB2C1C}.Debug|Any CPU.ActiveCfg = Debug|Any CPU
		{7DA0512B-E3E7-4B3A-A9FB-8F9A7AFB2C1C}.Debug|Any CPU.Build.0 = Debug|Any CPU
		{7DA0512B-E3E7-4B3A-A9FB-8F9A7AFB2C1C}.Release|Any CPU.ActiveCfg = Release|Any CPU
		{7DA0512B-E3E7-4B3A-A9FB-8F9A7AFB2C1C}.Release|Any CPU.Build.0 = Release|Any CPU
		{7A027101-0DCA-4952-A198-44CEC1D44990}.Debug|Any CPU.ActiveCfg = Debug|Any CPU
		{7A027101-0DCA-4952-A198-44CEC1D44990}.Debug|Any CPU.Build.0 = Debug|Any CPU
		{7A027101-0DCA-4952-A198-44CEC1D44990}.Release|Any CPU.ActiveCfg = Release|Any CPU
		{7A027101-0DCA-4952-A198-44CEC1D44990}.Release|Any CPU.Build.0 = Release|Any CPU
		{F221E4F8-D5DB-47B2-9714-76A4B0975BC7}.Debug|Any CPU.ActiveCfg = Debug|Any CPU
		{F221E4F8-D5DB-47B2-9714-76A4B0975BC7}.Debug|Any CPU.Build.0 = Debug|Any CPU
		{F221E4F8-D5DB-47B2-9714-76A4B0975BC7}.Release|Any CPU.ActiveCfg = Release|Any CPU
		{F221E4F8-D5DB-47B2-9714-76A4B0975BC7}.Release|Any CPU.Build.0 = Release|Any CPU
		{72B8ACF8-9633-4B48-89DB-5A40CF387E22}.Debug|Any CPU.ActiveCfg = Debug|Any CPU
		{72B8ACF8-9633-4B48-89DB-5A40CF387E22}.Debug|Any CPU.Build.0 = Debug|Any CPU
		{72B8ACF8-9633-4B48-89DB-5A40CF387E22}.Release|Any CPU.ActiveCfg = Release|Any CPU
		{72B8ACF8-9633-4B48-89DB-5A40CF387E22}.Release|Any CPU.Build.0 = Release|Any CPU
		{D6D16EC8-8B92-4D71-A320-99CD65A69BEF}.Debug|Any CPU.ActiveCfg = Debug|Any CPU
		{D6D16EC8-8B92-4D71-A320-99CD65A69BEF}.Debug|Any CPU.Build.0 = Debug|Any CPU
		{D6D16EC8-8B92-4D71-A320-99CD65A69BEF}.Release|Any CPU.ActiveCfg = Release|Any CPU
		{D6D16EC8-8B92-4D71-A320-99CD65A69BEF}.Release|Any CPU.Build.0 = Release|Any CPU
		{5CAFA1E2-043C-4AC5-BC9E-994BBB5F6B75}.Debug|Any CPU.ActiveCfg = Debug|Any CPU
		{5CAFA1E2-043C-4AC5-BC9E-994BBB5F6B75}.Debug|Any CPU.Build.0 = Debug|Any CPU
		{5CAFA1E2-043C-4AC5-BC9E-994BBB5F6B75}.Release|Any CPU.ActiveCfg = Release|Any CPU
		{5CAFA1E2-043C-4AC5-BC9E-994BBB5F6B75}.Release|Any CPU.Build.0 = Release|Any CPU
		{C5AD91A6-118C-490A-AD15-B1314594991F}.Debug|Any CPU.ActiveCfg = Debug|Any CPU
		{C5AD91A6-118C-490A-AD15-B1314594991F}.Debug|Any CPU.Build.0 = Debug|Any CPU
		{C5AD91A6-118C-490A-AD15-B1314594991F}.Release|Any CPU.ActiveCfg = Release|Any CPU
		{C5AD91A6-118C-490A-AD15-B1314594991F}.Release|Any CPU.Build.0 = Release|Any CPU
	EndGlobalSection
	GlobalSection(SolutionProperties) = preSolution
		HideSolutionNode = FALSE
	EndGlobalSection
	GlobalSection(NestedProjects) = preSolution
		{A81CB3E9-1557-49D2-87D4-A68F2BD84DB8} = {36D591C7-65C7-A0D1-1CBC-10CDE441BDC8}
		{7DA0512B-E3E7-4B3A-A9FB-8F9A7AFB2C1C} = {36D591C7-65C7-A0D1-1CBC-10CDE441BDC8}
		{7A027101-0DCA-4952-A198-44CEC1D44990} = {36D591C7-65C7-A0D1-1CBC-10CDE441BDC8}
		{F221E4F8-D5DB-47B2-9714-76A4B0975BC7} = {36D591C7-65C7-A0D1-1CBC-10CDE441BDC8}
		{72B8ACF8-9633-4B48-89DB-5A40CF387E22} = {36D591C7-65C7-A0D1-1CBC-10CDE441BDC8}
		{D6D16EC8-8B92-4D71-A320-99CD65A69BEF} = {36D591C7-65C7-A0D1-1CBC-10CDE441BDC8}
		{C5AD91A6-118C-490A-AD15-B1314594991F} = {36D591C7-65C7-A0D1-1CBC-10CDE441BDC8}
	EndGlobalSection
	GlobalSection(ExtensibilityGlobals) = postSolution
		SolutionGuid = {6C1BDAF3-06D0-4DEA-96BC-A969A9E7F4FB}
	EndGlobalSection
EndGlobal
